
Microsoft Visual Studio Solution File, Format Version 12.00
# Visual Studio Version 17
VisualStudioVersion = 17.11.35327.3
MinimumVisualStudioVersion = 10.0.40219.1
Project("{FAE04EC0-301F-11D3-BF4B-00C04F79EFBC}") = "novikova_nastya_lab", "novikova_nastya_lab\novikova_nastya_lab.csproj", "{4B3E51EF-E773-4AB4-9683-2D7672F9511F}"
EndProject
Project("{FAE04EC0-301F-11D3-BF4B-00C04F79EFBC}") = "novikova_nastya", "novikova_nastya\novikova_nastya.csproj", "{24501D07-C30B-4DFB-BDC3-C917A93A31E2}"
EndProject
Global
	GlobalSection(SolutionConfigurationPlatforms) = preSolution
		Debug|Any CPU = Debug|Any CPU
		Release|Any CPU = Release|Any CPU
	EndGlobalSection
	GlobalSection(ProjectConfigurationPlatforms) = postSolution
		{4B3E51EF-E773-4AB4-9683-2D7672F9511F}.Debug|Any CPU.ActiveCfg = Debug|Any CPU
		{4B3E51EF-E773-4AB4-9683-2D7672F9511F}.Debug|Any CPU.Build.0 = Debug|Any CPU
		{4B3E51EF-E773-4AB4-9683-2D7672F9511F}.Release|Any CPU.ActiveCfg = Release|Any CPU
		{4B3E51EF-E773-4AB4-9683-2D7672F9511F}.Release|Any CPU.Build.0 = Release|Any CPU
		{24501D07-C30B-4DFB-BDC3-C917A93A31E2}.Debug|Any CPU.ActiveCfg = Debug|Any CPU
		{24501D07-C30B-4DFB-BDC3-C917A93A31E2}.Debug|Any CPU.Build.0 = Debug|Any CPU
		{24501D07-C30B-4DFB-BDC3-C917A93A31E2}.Release|Any CPU.ActiveCfg = Release|Any CPU
		{24501D07-C30B-4DFB-BDC3-C917A93A31E2}.Release|Any CPU.Build.0 = Release|Any CPU
	EndGlobalSection
	GlobalSection(SolutionProperties) = preSolution
		HideSolutionNode = FALSE
	EndGlobalSection
	GlobalSection(ExtensibilityGlobals) = postSolution
		SolutionGuid = {4AFAACFB-5E61-476B-8323-D496D360BE3A}
	EndGlobalSection
EndGlobal
